
Microsoft Visual Studio Solution File, Format Version 12.00
# Visual Studio Version 17
VisualStudioVersion = 17.4.33213.308
MinimumVisualStudioVersion = 10.0.40219.1
Project("{FAE04EC0-301F-11D3-BF4B-00C04F79EFBC}") = "SirGerbain_PrisonerEscape", "SirGerbain_PrisonerEscape.csproj", "{3484A1A4-8925-4757-AB3E-705CB82B79C8}"
EndProject
Global
	GlobalSection(SolutionConfigurationPlatforms) = preSolution
		Debug|Any CPU = Debug|Any CPU
		Release|Any CPU = Release|Any CPU
	EndGlobalSection
	GlobalSection(ProjectConfigurationPlatforms) = postSolution
		{3484A1A4-8925-4757-AB3E-705CB82B79C8}.Debug|Any CPU.ActiveCfg = Debug|Any CPU
		{3484A1A4-8925-4757-AB3E-705CB82B79C8}.Debug|Any CPU.Build.0 = Debug|Any CPU
		{3484A1A4-8925-4757-AB3E-705CB82B79C8}.Release|Any CPU.ActiveCfg = Release|Any CPU
		{3484A1A4-8925-4757-AB3E-705CB82B79C8}.Release|Any CPU.Build.0 = Release|Any CPU
	EndGlobalSection
	GlobalSection(SolutionProperties) = preSolution
		HideSolutionNode = FALSE
	EndGlobalSection
	GlobalSection(ExtensibilityGlobals) = postSolution
		SolutionGuid = {C5A328C4-B814-43B3-826E-22B29B847FB8}
	EndGlobalSection
EndGlobal
